
Microsoft Visual Studio Solution File, Format Version 12.00
# Visual Studio 15
VisualStudioVersion = 15.0.28307.168
MinimumVisualStudioVersion = 10.0.40219.1
Project("{FAE04EC0-301F-11D3-BF4B-00C04F79EFBC}") = "MiPathOrchestrator", "MiPathOrchestrator\MiPathOrchestrator.csproj", "{76D8DD1A-9238-4902-AB40-8BBA0BC216EA}"
EndProject
Project("{FAE04EC0-301F-11D3-BF4B-00C04F79EFBC}") = "TestConsole", "TestConsole\TestConsole.csproj", "{2EC6E21B-EBF3-4340-B108-469351FA2C68}"
EndProject
Global
	GlobalSection(SolutionConfigurationPlatforms) = preSolution
		Debug|Any CPU = Debug|Any CPU
		Release|Any CPU = Release|Any CPU
	EndGlobalSection
	GlobalSection(ProjectConfigurationPlatforms) = postSolution
		{76D8DD1A-9238-4902-AB40-8BBA0BC216EA}.Debug|Any CPU.ActiveCfg = Debug|Any CPU
		{76D8DD1A-9238-4902-AB40-8BBA0BC216EA}.Debug|Any CPU.Build.0 = Debug|Any CPU
		{76D8DD1A-9238-4902-AB40-8BBA0BC216EA}.Release|Any CPU.ActiveCfg = Release|Any CPU
		{76D8DD1A-9238-4902-AB40-8BBA0BC216EA}.Release|Any CPU.Build.0 = Release|Any CPU
		{2EC6E21B-EBF3-4340-B108-469351FA2C68}.Debug|Any CPU.ActiveCfg = Debug|Any CPU
		{2EC6E21B-EBF3-4340-B108-469351FA2C68}.Debug|Any CPU.Build.0 = Debug|Any CPU
		{2EC6E21B-EBF3-4340-B108-469351FA2C68}.Release|Any CPU.ActiveCfg = Release|Any CPU
		{2EC6E21B-EBF3-4340-B108-469351FA2C68}.Release|Any CPU.Build.0 = Release|Any CPU
	EndGlobalSection
	GlobalSection(SolutionProperties) = preSolution
		HideSolutionNode = FALSE
	EndGlobalSection
	GlobalSection(ExtensibilityGlobals) = postSolution
		SolutionGuid = {24B60A90-9AB1-4B2C-B236-D045A792741B}
	EndGlobalSection
EndGlobal
